
Microsoft Visual Studio Solution File, Format Version 12.00
# Visual Studio Version 17
VisualStudioVersion = 17.1.32210.238
MinimumVisualStudioVersion = 10.0.40219.1
Project("{9A19103F-16F7-4668-BE54-9A1E7A4F7556}") = "Patika.DAL", "Patika.DAL\Patika.DAL.csproj", "{B7A50BB9-E7C6-42E6-B44D-D2CC4717C7A9}"
EndProject
Project("{FAE04EC0-301F-11D3-BF4B-00C04F79EFBC}") = "Patika.BL", "Patika.BL\Patika.BL.csproj", "{03FE4962-919A-4CBE-957B-F2A2E3D50C1F}"
EndProject
Project("{FAE04EC0-301F-11D3-BF4B-00C04F79EFBC}") = "Patika.WebUI", "Patika.WebUI\Patika.WebUI.csproj", "{2F307F09-7D4F-479D-982E-0E85B15EA58C}"
EndProject
Project("{FAE04EC0-301F-11D3-BF4B-00C04F79EFBC}") = "Patika.WebAPI", "Patika.WebAPI\Patika.WebAPI.csproj", "{860B865C-0D9E-4493-B9ED-F4EB5D1751EC}"
EndProject
Global
	GlobalSection(SolutionConfigurationPlatforms) = preSolution
		Debug|Any CPU = Debug|Any CPU
		Release|Any CPU = Release|Any CPU
	EndGlobalSection
	GlobalSection(ProjectConfigurationPlatforms) = postSolution
		{B7A50BB9-E7C6-42E6-B44D-D2CC4717C7A9}.Debug|Any CPU.ActiveCfg = Debug|Any CPU
		{B7A50BB9-E7C6-42E6-B44D-D2CC4717C7A9}.Debug|Any CPU.Build.0 = Debug|Any CPU
		{B7A50BB9-E7C6-42E6-B44D-D2CC4717C7A9}.Release|Any CPU.ActiveCfg = Release|Any CPU
		{B7A50BB9-E7C6-42E6-B44D-D2CC4717C7A9}.Release|Any CPU.Build.0 = Release|Any CPU
		{03FE4962-919A-4CBE-957B-F2A2E3D50C1F}.Debug|Any CPU.ActiveCfg = Debug|Any CPU
		{03FE4962-919A-4CBE-957B-F2A2E3D50C1F}.Debug|Any CPU.Build.0 = Debug|Any CPU
		{03FE4962-919A-4CBE-957B-F2A2E3D50C1F}.Release|Any CPU.ActiveCfg = Release|Any CPU
		{03FE4962-919A-4CBE-957B-F2A2E3D50C1F}.Release|Any CPU.Build.0 = Release|Any CPU
		{2F307F09-7D4F-479D-982E-0E85B15EA58C}.Debug|Any CPU.ActiveCfg = Debug|Any CPU
		{2F307F09-7D4F-479D-982E-0E85B15EA58C}.Debug|Any CPU.Build.0 = Debug|Any CPU
		{2F307F09-7D4F-479D-982E-0E85B15EA58C}.Release|Any CPU.ActiveCfg = Release|Any CPU
		{2F307F09-7D4F-479D-982E-0E85B15EA58C}.Release|Any CPU.Build.0 = Release|Any CPU
		{860B865C-0D9E-4493-B9ED-F4EB5D1751EC}.Debug|Any CPU.ActiveCfg = Debug|Any CPU
		{860B865C-0D9E-4493-B9ED-F4EB5D1751EC}.Debug|Any CPU.Build.0 = Debug|Any CPU
		{860B865C-0D9E-4493-B9ED-F4EB5D1751EC}.Release|Any CPU.ActiveCfg = Release|Any CPU
		{860B865C-0D9E-4493-B9ED-F4EB5D1751EC}.Release|Any CPU.Build.0 = Release|Any CPU
	EndGlobalSection
	GlobalSection(SolutionProperties) = preSolution
		HideSolutionNode = FALSE
	EndGlobalSection
	GlobalSection(ExtensibilityGlobals) = postSolution
		SolutionGuid = {5DA7CCE0-6BC6-47F6-9BB4-0BB704DDFF6C}
	EndGlobalSection
EndGlobal
